{
  "nodes": {
    "apple-silicon": {
      "inputs": {
        "flake-compat": "flake-compat",
        "nixpkgs": [
          "nixpkgs"
        ],
        "rust-overlay": "rust-overlay"
      },
      "locked": {
        "lastModified": 1714264490,
        "narHash": "sha256-5hKsAO7ZLwOLCXeI5+jDmDr7t4zBezk0xidVWghoBB0=",
        "owner": "tpwrules",
        "repo": "nixos-apple-silicon",
        "rev": "4fac534b775aa0c40611257fa19ab8ab3243f4dc",
        "type": "github"
      },
      "original": {
        "owner": "tpwrules",
        "repo": "nixos-apple-silicon",
        "type": "github"
      }
    },
    "crane": {
      "inputs": {
        "nixpkgs": [
          "zjstatus",
          "nixpkgs"
        ]
      },
      "locked": {
        "lastModified": 1717290123,
        "narHash": "sha256-K8O2KQEbA+NIAc8BDsWV6QKqU3i9M+YTUi4zzmLRy1s=",
        "owner": "ipetkov",
        "repo": "crane",
        "rev": "ae1453ffd0f8f684e863685c317a953317db2b79",
        "type": "github"
      },
      "original": {
        "owner": "ipetkov",
        "repo": "crane",
        "type": "github"
      }
    },
    "flake-compat": {
      "locked": {
        "lastModified": 1688025799,
        "narHash": "sha256-ktpB4dRtnksm9F5WawoIkEneh1nrEvuxb5lJFt1iOyw=",
        "owner": "nix-community",
        "repo": "flake-compat",
        "rev": "8bf105319d44f6b9f0d764efa4fdef9f1cc9ba1c",
        "type": "github"
      },
      "original": {
        "owner": "nix-community",
        "repo": "flake-compat",
        "type": "github"
      }
    },
    "flake-utils": {
      "inputs": {
        "systems": "systems"
      },
      "locked": {
        "lastModified": 1710146030,
        "narHash": "sha256-SZ5L6eA7HJ/nmkzGG7/ISclqe6oZdOZTNoesiInkXPQ=",
        "owner": "numtide",
        "repo": "flake-utils",
        "rev": "b1d9ab70662946ef0850d488da1c9019f3a9752a",
        "type": "github"
      },
      "original": {
        "owner": "numtide",
        "repo": "flake-utils",
        "type": "github"
      }
    },
    "home-manager": {
      "inputs": {
        "nixpkgs": [
          "nixpkgs"
        ]
      },
      "locked": {
        "lastModified": 1715486357,
        "narHash": "sha256-4pRuzsHZOW5W4CsXI9uhKtiJeQSUoe1d2M9mWU98HC4=",
        "owner": "nix-community",
        "repo": "home-manager",
        "rev": "44677a1c96810a8e8c4ffaeaad10c842402647c1",
        "type": "github"
      },
      "original": {
        "owner": "nix-community",
        "repo": "home-manager",
        "type": "github"
      }
    },
    "nixpkgs": {
      "locked": {
        "lastModified": 1715447595,
        "narHash": "sha256-VsVAUQOj/cS1LCOmMjAGeRksXIAdPnFIjCQ0XLkCsT0=",
        "owner": "NixOS",
        "repo": "nixpkgs",
        "rev": "062ca2a9370a27a35c524dc82d540e6e9824b652",
        "type": "github"
      },
      "original": {
        "owner": "NixOS",
        "ref": "nixos-unstable",
        "repo": "nixpkgs",
        "type": "github"
      }
    },
    "root": {
      "inputs": {
        "apple-silicon": "apple-silicon",
        "home-manager": "home-manager",
        "nixpkgs": "nixpkgs",
        "zjstatus": "zjstatus"
      }
    },
    "rust-overlay": {
      "flake": false,
      "locked": {
        "lastModified": 1686795910,
        "narHash": "sha256-jDa40qRZ0GRQtP9EMZdf+uCbvzuLnJglTUI2JoHfWDc=",
        "owner": "oxalica",
        "repo": "rust-overlay",
        "rev": "5c2b97c0a9bc5217fc3dfb1555aae0fb756d99f9",
        "type": "github"
      },
      "original": {
        "owner": "oxalica",
        "repo": "rust-overlay",
        "type": "github"
      }
    },
    "rust-overlay_2": {
      "inputs": {
        "flake-utils": [
          "zjstatus",
          "flake-utils"
        ],
        "nixpkgs": [
          "zjstatus",
          "nixpkgs"
        ]
      },
      "locked": {
        "lastModified": 1717294752,
        "narHash": "sha256-QhlS52cEQyx+iVcgrEoCnEEpWUA6uLdmeLRxk935inI=",
        "owner": "oxalica",
        "repo": "rust-overlay",
        "rev": "b46857a406d207a1de74e792ef3b83e800c30e08",
        "type": "github"
      },
      "original": {
        "owner": "oxalica",
        "repo": "rust-overlay",
        "type": "github"
      }
    },
    "systems": {
      "locked": {
        "lastModified": 1681028828,
        "narHash": "sha256-Vy1rq5AaRuLzOxct8nz4T6wlgyUR7zLU309k9mBC768=",
        "owner": "nix-systems",
        "repo": "default",
        "rev": "da67096a3b9bf56a91d16901293e51ba5b49a27e",
        "type": "github"
      },
      "original": {
        "owner": "nix-systems",
        "repo": "default",
        "type": "github"
      }
    },
    "zjstatus": {
      "inputs": {
        "crane": "crane",
        "flake-utils": "flake-utils",
        "nixpkgs": [
          "nixpkgs"
        ],
        "rust-overlay": "rust-overlay_2"
      },
      "locked": {
        "lastModified": 1717324343,
        "narHash": "sha256-0X7htQ46i4DbJxz4lSpx8RL7/B+7bUQNtkSr4ZOX9xc=",
        "owner": "dj95",
        "repo": "zjstatus",
        "rev": "d669610cae0051b60dfb9564a52582611968dfad",
        "type": "github"
      },
      "original": {
        "owner": "dj95",
        "repo": "zjstatus",
        "type": "github"
      }
    }
  },
  "root": "root",
  "version": 7
}
